
Microsoft Visual Studio Solution File, Format Version 12.00
# Visual Studio Version 16
VisualStudioVersion = 16.0.30114.105
MinimumVisualStudioVersion = 10.0.40219.1
Project("{2150E333-8FDC-42A3-9474-1A3956D46DE8}") = "src", "src", "{09E1AC80-5F25-415F-BB29-AAA42A4EF2B8}"
EndProject
Project("{2150E333-8FDC-42A3-9474-1A3956D46DE8}") = "APIGateway", "APIGateway", "{CA04AD71-F52A-4515-B3B1-12B91DC76ECC}"
EndProject
Project("{FAE04EC0-301F-11D3-BF4B-00C04F79EFBC}") = "Ocelot.ApiGateway", "src\APIGateway\Ocelot.ApiGateway\Ocelot.ApiGateway.csproj", "{26DFDCAA-8325-4603-A8BD-BC54510812F0}"
EndProject
Project("{2150E333-8FDC-42A3-9474-1A3956D46DE8}") = "Services", "Services", "{B42A1720-5483-4211-A9A9-0FD5510919A6}"
EndProject
Project("{2150E333-8FDC-42A3-9474-1A3956D46DE8}") = "Employee", "Employee", "{7A36A73B-3FF2-4084-9FC6-0EE078B4E4D8}"
EndProject
Project("{FAE04EC0-301F-11D3-BF4B-00C04F79EFBC}") = "Ocelot.Services.Employee", "src\Services\Employee\Ocelot.Services.Employee\Ocelot.Services.Employee.csproj", "{5FAFA013-6CC0-4404-AB3B-BC0A037D15C1}"
EndProject
Project("{2150E333-8FDC-42A3-9474-1A3956D46DE8}") = "User", "User", "{996A7CD3-451B-4C54-9D28-9536930D515C}"
EndProject
Project("{FAE04EC0-301F-11D3-BF4B-00C04F79EFBC}") = "Ocelot.Services.User", "src\Services\User\Ocelot.Services.User\Ocelot.Services.User.csproj", "{78D03479-24C6-4C25-A0F9-A4C7FFE4E4DF}"
EndProject
Project("{2150E333-8FDC-42A3-9474-1A3956D46DE8}") = "Product", "Product", "{BA2FE2BE-0787-452F-8CC6-91B9760D2085}"
EndProject
Project("{FAE04EC0-301F-11D3-BF4B-00C04F79EFBC}") = "Ocelot.Services.Product", "src\Services\Product\Ocelot.Services.Product\Ocelot.Services.Product.csproj", "{83CE4B84-8E4B-46E6-B947-F156448848B4}"
EndProject
Project("{2150E333-8FDC-42A3-9474-1A3956D46DE8}") = "test", "test", "{CAF2122D-3227-40D1-B2CD-9D629D1A4AD6}"
EndProject
Project("{2150E333-8FDC-42A3-9474-1A3956D46DE8}") = "Services", "Services", "{0CA560F1-0965-459E-AEB0-5B4742F0DDB8}"
EndProject
Project("{2150E333-8FDC-42A3-9474-1A3956D46DE8}") = "Product", "Product", "{F167A72C-DBC2-4BB5-9E95-03093DA74D63}"
EndProject
Project("{FAE04EC0-301F-11D3-BF4B-00C04F79EFBC}") = "Ocelot.Services.Tests.Product", "test\Services\Product\Ocelot.Services.Tests.Product\Ocelot.Services.Tests.Product.csproj", "{7B4F9597-F6C6-480D-A67D-8B3716BBFD8A}"
EndProject
Project("{2150E333-8FDC-42A3-9474-1A3956D46DE8}") = "Employee", "Employee", "{9594AAEC-EDFF-465C-A04E-FCDA28E6FA0C}"
EndProject
Project("{FAE04EC0-301F-11D3-BF4B-00C04F79EFBC}") = "Ocelot.Services.Tests.Employee", "test\Services\Employee\Ocelot.Services.Tests.Employee\Ocelot.Services.Tests.Employee.csproj", "{DB2579C8-BC27-42FC-8B35-AE47845642FD}"
EndProject
Project("{2150E333-8FDC-42A3-9474-1A3956D46DE8}") = "User", "User", "{6348EC60-19B3-43A5-A9A0-2265E9204541}"
EndProject
Project("{FAE04EC0-301F-11D3-BF4B-00C04F79EFBC}") = "Ocelot.Services.Tests.User", "test\Services\User\Ocelot.Services.Tests.User\Ocelot.Services.Tests.User.csproj", "{962FB5D9-0318-4545-A893-8CE793E208F4}"
EndProject
Global
	GlobalSection(SolutionConfigurationPlatforms) = preSolution
		Debug|Any CPU = Debug|Any CPU
		Release|Any CPU = Release|Any CPU
	EndGlobalSection
	GlobalSection(SolutionProperties) = preSolution
		HideSolutionNode = FALSE
	EndGlobalSection
	GlobalSection(ProjectConfigurationPlatforms) = postSolution
		{26DFDCAA-8325-4603-A8BD-BC54510812F0}.Debug|Any CPU.ActiveCfg = Debug|Any CPU
		{26DFDCAA-8325-4603-A8BD-BC54510812F0}.Debug|Any CPU.Build.0 = Debug|Any CPU
		{26DFDCAA-8325-4603-A8BD-BC54510812F0}.Release|Any CPU.ActiveCfg = Release|Any CPU
		{26DFDCAA-8325-4603-A8BD-BC54510812F0}.Release|Any CPU.Build.0 = Release|Any CPU
		{5FAFA013-6CC0-4404-AB3B-BC0A037D15C1}.Debug|Any CPU.ActiveCfg = Debug|Any CPU
		{5FAFA013-6CC0-4404-AB3B-BC0A037D15C1}.Debug|Any CPU.Build.0 = Debug|Any CPU
		{5FAFA013-6CC0-4404-AB3B-BC0A037D15C1}.Release|Any CPU.ActiveCfg = Release|Any CPU
		{5FAFA013-6CC0-4404-AB3B-BC0A037D15C1}.Release|Any CPU.Build.0 = Release|Any CPU
		{78D03479-24C6-4C25-A0F9-A4C7FFE4E4DF}.Debug|Any CPU.ActiveCfg = Debug|Any CPU
		{78D03479-24C6-4C25-A0F9-A4C7FFE4E4DF}.Debug|Any CPU.Build.0 = Debug|Any CPU
		{78D03479-24C6-4C25-A0F9-A4C7FFE4E4DF}.Release|Any CPU.ActiveCfg = Release|Any CPU
		{78D03479-24C6-4C25-A0F9-A4C7FFE4E4DF}.Release|Any CPU.Build.0 = Release|Any CPU
		{83CE4B84-8E4B-46E6-B947-F156448848B4}.Debug|Any CPU.ActiveCfg = Debug|Any CPU
		{83CE4B84-8E4B-46E6-B947-F156448848B4}.Debug|Any CPU.Build.0 = Debug|Any CPU
		{83CE4B84-8E4B-46E6-B947-F156448848B4}.Release|Any CPU.ActiveCfg = Release|Any CPU
		{83CE4B84-8E4B-46E6-B947-F156448848B4}.Release|Any CPU.Build.0 = Release|Any CPU
		{7B4F9597-F6C6-480D-A67D-8B3716BBFD8A}.Debug|Any CPU.ActiveCfg = Debug|Any CPU
		{7B4F9597-F6C6-480D-A67D-8B3716BBFD8A}.Debug|Any CPU.Build.0 = Debug|Any CPU
		{7B4F9597-F6C6-480D-A67D-8B3716BBFD8A}.Release|Any CPU.ActiveCfg = Release|Any CPU
		{7B4F9597-F6C6-480D-A67D-8B3716BBFD8A}.Release|Any CPU.Build.0 = Release|Any CPU
		{DB2579C8-BC27-42FC-8B35-AE47845642FD}.Debug|Any CPU.ActiveCfg = Debug|Any CPU
		{DB2579C8-BC27-42FC-8B35-AE47845642FD}.Debug|Any CPU.Build.0 = Debug|Any CPU
		{DB2579C8-BC27-42FC-8B35-AE47845642FD}.Release|Any CPU.ActiveCfg = Release|Any CPU
		{DB2579C8-BC27-42FC-8B35-AE47845642FD}.Release|Any CPU.Build.0 = Release|Any CPU
		{962FB5D9-0318-4545-A893-8CE793E208F4}.Debug|Any CPU.ActiveCfg = Debug|Any CPU
		{962FB5D9-0318-4545-A893-8CE793E208F4}.Debug|Any CPU.Build.0 = Debug|Any CPU
		{962FB5D9-0318-4545-A893-8CE793E208F4}.Release|Any CPU.ActiveCfg = Release|Any CPU
		{962FB5D9-0318-4545-A893-8CE793E208F4}.Release|Any CPU.Build.0 = Release|Any CPU
	EndGlobalSection
	GlobalSection(NestedProjects) = preSolution
		{CA04AD71-F52A-4515-B3B1-12B91DC76ECC} = {09E1AC80-5F25-415F-BB29-AAA42A4EF2B8}
		{26DFDCAA-8325-4603-A8BD-BC54510812F0} = {CA04AD71-F52A-4515-B3B1-12B91DC76ECC}
		{B42A1720-5483-4211-A9A9-0FD5510919A6} = {09E1AC80-5F25-415F-BB29-AAA42A4EF2B8}
		{7A36A73B-3FF2-4084-9FC6-0EE078B4E4D8} = {B42A1720-5483-4211-A9A9-0FD5510919A6}
		{5FAFA013-6CC0-4404-AB3B-BC0A037D15C1} = {7A36A73B-3FF2-4084-9FC6-0EE078B4E4D8}
		{996A7CD3-451B-4C54-9D28-9536930D515C} = {B42A1720-5483-4211-A9A9-0FD5510919A6}
		{78D03479-24C6-4C25-A0F9-A4C7FFE4E4DF} = {996A7CD3-451B-4C54-9D28-9536930D515C}
		{BA2FE2BE-0787-452F-8CC6-91B9760D2085} = {B42A1720-5483-4211-A9A9-0FD5510919A6}
		{83CE4B84-8E4B-46E6-B947-F156448848B4} = {BA2FE2BE-0787-452F-8CC6-91B9760D2085}
		{0CA560F1-0965-459E-AEB0-5B4742F0DDB8} = {CAF2122D-3227-40D1-B2CD-9D629D1A4AD6}
		{F167A72C-DBC2-4BB5-9E95-03093DA74D63} = {0CA560F1-0965-459E-AEB0-5B4742F0DDB8}
		{7B4F9597-F6C6-480D-A67D-8B3716BBFD8A} = {F167A72C-DBC2-4BB5-9E95-03093DA74D63}
		{9594AAEC-EDFF-465C-A04E-FCDA28E6FA0C} = {0CA560F1-0965-459E-AEB0-5B4742F0DDB8}
		{DB2579C8-BC27-42FC-8B35-AE47845642FD} = {9594AAEC-EDFF-465C-A04E-FCDA28E6FA0C}
		{6348EC60-19B3-43A5-A9A0-2265E9204541} = {0CA560F1-0965-459E-AEB0-5B4742F0DDB8}
		{962FB5D9-0318-4545-A893-8CE793E208F4} = {6348EC60-19B3-43A5-A9A0-2265E9204541}
	EndGlobalSection
EndGlobal
